
Microsoft Visual Studio Solution File, Format Version 12.00
# Visual Studio Version 17
VisualStudioVersion = 17.8.34511.84
MinimumVisualStudioVersion = 10.0.40219.1
Project("{FAE04EC0-301F-11D3-BF4B-00C04F79EFBC}") = "Proyecto CineGT", "Proyecto CineGT\Proyecto CineGT.csproj", "{4BD5D46B-863F-44FB-AE31-754819B611F4}"
EndProject
Global
	GlobalSection(SolutionConfigurationPlatforms) = preSolution
		Debug|Any CPU = Debug|Any CPU
		Release|Any CPU = Release|Any CPU
	EndGlobalSection
	GlobalSection(ProjectConfigurationPlatforms) = postSolution
		{4BD5D46B-863F-44FB-AE31-754819B611F4}.Debug|Any CPU.ActiveCfg = Debug|Any CPU
		{4BD5D46B-863F-44FB-AE31-754819B611F4}.Debug|Any CPU.Build.0 = Debug|Any CPU
		{4BD5D46B-863F-44FB-AE31-754819B611F4}.Release|Any CPU.ActiveCfg = Release|Any CPU
		{4BD5D46B-863F-44FB-AE31-754819B611F4}.Release|Any CPU.Build.0 = Release|Any CPU
	EndGlobalSection
	GlobalSection(SolutionProperties) = preSolution
		HideSolutionNode = FALSE
	EndGlobalSection
	GlobalSection(ExtensibilityGlobals) = postSolution
		SolutionGuid = {99F65C1A-9BE6-40C2-9B5A-ACB4BD453033}
	EndGlobalSection
EndGlobal
