
Microsoft Visual Studio Solution File, Format Version 12.00
# Visual Studio Version 17
VisualStudioVersion = 17.5.33530.505
MinimumVisualStudioVersion = 10.0.40219.1
Project("{FAE04EC0-301F-11D3-BF4B-00C04F79EFBC}") = "prueba_sala", "prueba_sala\prueba_sala.csproj", "{C76063F4-59ED-4A05-8CAA-82761E649185}"
EndProject
Global
	GlobalSection(SolutionConfigurationPlatforms) = preSolution
		Debug|Any CPU = Debug|Any CPU
		Release|Any CPU = Release|Any CPU
	EndGlobalSection
	GlobalSection(ProjectConfigurationPlatforms) = postSolution
		{C76063F4-59ED-4A05-8CAA-82761E649185}.Debug|Any CPU.ActiveCfg = Debug|Any CPU
		{C76063F4-59ED-4A05-8CAA-82761E649185}.Debug|Any CPU.Build.0 = Debug|Any CPU
		{C76063F4-59ED-4A05-8CAA-82761E649185}.Release|Any CPU.ActiveCfg = Release|Any CPU
		{C76063F4-59ED-4A05-8CAA-82761E649185}.Release|Any CPU.Build.0 = Release|Any CPU
	EndGlobalSection
	GlobalSection(SolutionProperties) = preSolution
		HideSolutionNode = FALSE
	EndGlobalSection
	GlobalSection(ExtensibilityGlobals) = postSolution
		SolutionGuid = {3E0BD949-C9AE-429F-AF55-1BD22F2F07A8}
	EndGlobalSection
EndGlobal
